
Microsoft Visual Studio Solution File, Format Version 12.00
# Visual Studio Version 17
VisualStudioVersion = 17.2.32630.192
MinimumVisualStudioVersion = 10.0.40219.1
Project("{FAE04EC0-301F-11D3-BF4B-00C04F79EFBC}") = "Calculator", "Calculator\Calculator.csproj", "{783FA408-3E82-4570-A1AF-DE366A519283}"
EndProject
Global
	GlobalSection(SolutionConfigurationPlatforms) = preSolution
		Debug|Any CPU = Debug|Any CPU
		Release|Any CPU = Release|Any CPU
	EndGlobalSection
	GlobalSection(ProjectConfigurationPlatforms) = postSolution
		{783FA408-3E82-4570-A1AF-DE366A519283}.Debug|Any CPU.ActiveCfg = Debug|Any CPU
		{783FA408-3E82-4570-A1AF-DE366A519283}.Debug|Any CPU.Build.0 = Debug|Any CPU
		{783FA408-3E82-4570-A1AF-DE366A519283}.Release|Any CPU.ActiveCfg = Release|Any CPU
		{783FA408-3E82-4570-A1AF-DE366A519283}.Release|Any CPU.Build.0 = Release|Any CPU
	EndGlobalSection
	GlobalSection(SolutionProperties) = preSolution
		HideSolutionNode = FALSE
	EndGlobalSection
	GlobalSection(ExtensibilityGlobals) = postSolution
		SolutionGuid = {7C138503-C270-4F46-9D8E-801B255B2C2F}
	EndGlobalSection
EndGlobal
